<?xml version="1.0" encoding="utf-8"?>
<Project ToolsVersion="4.0" xmlns="http://schemas.microsoft.com/developer/msbuild/2003">
  <ItemGroup>
    <Filter Include="Source Files">
      <UniqueIdentifier>{4FC737F1-C7A5-4376-A066-2A32D752A2FF}</UniqueIdentifier>
      <Extensions>cpp;c;cc;cxx;c++;cppm;ixx;def;odl;idl;hpj;bat;asm;asmx</Extensions>
    </Filter>
    <Filter Include="Header Files">
      <UniqueIdentifier>{93995380-89BD-4b04-88EB-625FBE52EBFB}</UniqueIdentifier>
      <Extensions>h;hh;hpp;hxx;h++;hm;inl;inc;ipp;xsd</Extensions>
    </Filter>
    <Filter Include="Resource Files">
      <UniqueIdentifier>{67DA6AB6-F800-4c08-8B7A-83BB121AAD01}</UniqueIdentifier>
      <Extensions>rc;ico;cur;bmp;dlg;rc2;rct;bin;rgs;gif;jpg;jpeg;jpe;resx;tiff;tif;png;wav;mfcribbon-ms</Extensions>
    </Filter>
    <Filter Include="Resource Files\Shaders">
      <UniqueIdentifier>{277aa37c-527b-44de-a770-8eca2074754d}</UniqueIdentifier>
    </Filter>
    <Filter Include="Resource Files\Textures">
      <UniqueIdentifier>{2af9b70a-264d-43a8-98c6-4a1aa17d2a4f}</UniqueIdentifier>
    </Filter>
    <Filter Include="Resource Files\Config">
      <UniqueIdentifier>{98faca50-3750-4de6-b06e-e5bd89ff9342}</UniqueIdentifier>
    </Filter>
    <Filter Include="Resource Files\Structures">
      <UniqueIdentifier>{f294ef5d-8bc5-4583-81f8-88d7b2be06c3}</UniqueIdentifier>
    </Filter>
  </ItemGroup>
  <ItemGroup>
    <ClCompile Include="main.cpp">
      <Filter>Source Files</Filter>
    </ClCompile>
    <ClCompile Include="Actor.cpp">
      <Filter>Source Files</Filter>
    </ClCompile>
    <ClCompile Include="Player.cpp">
      <Filter>Source Files</Filter>
    </ClCompile>
    <ClCompile Include="Camera.cpp">
      <Filter>Source Files</Filter>
    </ClCompile>
    <ClCompile Include="Random.cpp">
      <Filter>Source Files</Filter>
    </ClCompile>
    <ClCompile Include="WorldManager.cpp">
      <Filter>Source Files</Filter>
    </ClCompile>
    <ClCompile Include="Utils.cpp">
      <Filter>Source Files</Filter>
    </ClCompile>
    <ClCompile Include="TerrainGeneration.cpp">
      <Filter>Source Files</Filter>
    </ClCompile>
    <ClCompile Include="BlockManager.cpp">
      <Filter>Source Files</Filter>
    </ClCompile>
    <ClCompile Include="TextureManager.cpp">
      <Filter>Source Files</Filter>
    </ClCompile>
    <ClCompile Include="Structure.cpp">
      <Filter>Source Files</Filter>
    </ClCompile>
  </ItemGroup>
  <ItemGroup>
    <ClInclude Include="Actor.h">
      <Filter>Header Files</Filter>
    </ClInclude>
    <ClInclude Include="Player.h">
      <Filter>Header Files</Filter>
    </ClInclude>
    <ClInclude Include="Settings.h">
      <Filter>Header Files</Filter>
    </ClInclude>
    <ClInclude Include="TerrainGeneration.h">
      <Filter>Header Files</Filter>
    </ClInclude>
    <ClInclude Include="Utils.h">
      <Filter>Header Files</Filter>
    </ClInclude>
    <ClInclude Include="Camera.h">
      <Filter>Header Files</Filter>
    </ClInclude>
    <ClInclude Include="Physics.h">
      <Filter>Header Files</Filter>
    </ClInclude>
    <ClInclude Include="Renderer.h">
      <Filter>Header Files</Filter>
    </ClInclude>
    <ClInclude Include="WorldManager.h">
      <Filter>Header Files</Filter>
    </ClInclude>
    <ClInclude Include="Random.h">
      <Filter>Header Files</Filter>
    </ClInclude>
    <ClInclude Include="BlockManager.h">
      <Filter>Header Files</Filter>
    </ClInclude>
    <ClInclude Include="Block.h">
      <Filter>Header Files</Filter>
    </ClInclude>
    <ClInclude Include="TextureManager.h">
      <Filter>Header Files</Filter>
    </ClInclude>
    <ClInclude Include="Structure.h">
      <Filter>Header Files</Filter>
    </ClInclude>
  </ItemGroup>
  <ItemGroup>
    <Image Include="Textures\Diamond.png">
      <Filter>Resource Files\Textures</Filter>
    </Image>
    <Image Include="Textures\Dirt.png">
      <Filter>Resource Files\Textures</Filter>
    </Image>
    <Image Include="Textures\Grass.png">
      <Filter>Resource Files\Textures</Filter>
    </Image>
    <Image Include="Textures\Lava.png">
      <Filter>Resource Files\Textures</Filter>
    </Image>
    <Image Include="Textures\Leaf.png">
      <Filter>Resource Files\Textures</Filter>
    </Image>
    <Image Include="Textures\Player.png">
      <Filter>Resource Files\Textures</Filter>
    </Image>
    <Image Include="Textures\Stone.png">
      <Filter>Resource Files\Textures</Filter>
    </Image>
    <Image Include="Textures\Water.png">
      <Filter>Resource Files\Textures</Filter>
    </Image>
    <Image Include="Textures\Wood.png">
      <Filter>Resource Files\Textures</Filter>
    </Image>
    <Image Include="..\Release\Structures\Tree.png">
      <Filter>Resource Files\Structures</Filter>
    </Image>
    <Image Include="Structures\Tree2.png">
      <Filter>Resource Files\Structures</Filter>
    </Image>
  </ItemGroup>
  <ItemGroup>
    <None Include="Config\Settings.conf">
      <Filter>Resource Files\Config</Filter>
    </None>
    <None Include="Shaders\vertex_shader.vert">
      <Filter>Resource Files\Shaders</Filter>
    </None>
    <None Include="Shaders\fragment_shader.frag">
      <Filter>Resource Files\Shaders</Filter>
    </None>
  </ItemGroup>
</Project>